
Microsoft Visual Studio Solution File, Format Version 12.00
# Visual Studio Version 16
VisualStudioVersion = 16.0.31019.35
MinimumVisualStudioVersion = 10.0.40219.1
Project("{888888A0-9F3D-457C-B088-3A5042F75D52}") = "card_game", "card_game\card_game.pyproj", "{6C581079-2A03-4B91-9AA6-965DF95E3015}"
EndProject
Global
	GlobalSection(SolutionConfigurationPlatforms) = preSolution
		Debug|Any CPU = Debug|Any CPU
		Release|Any CPU = Release|Any CPU
	EndGlobalSection
	GlobalSection(ProjectConfigurationPlatforms) = postSolution
		{6C581079-2A03-4B91-9AA6-965DF95E3015}.Debug|Any CPU.ActiveCfg = Debug|Any CPU
		{6C581079-2A03-4B91-9AA6-965DF95E3015}.Release|Any CPU.ActiveCfg = Release|Any CPU
	EndGlobalSection
	GlobalSection(SolutionProperties) = preSolution
		HideSolutionNode = FALSE
	EndGlobalSection
	GlobalSection(ExtensibilityGlobals) = postSolution
		SolutionGuid = {24205181-C82F-442B-A7D3-B0B80CBF45F1}
	EndGlobalSection
EndGlobal
